{
    "_readme": [
        "This file locks the dependencies of your project to a known state",
        "Read more about it at https://getcomposer.org/doc/01-basic-usage.md#composer-lock-the-lock-file",
        "This file is @generated automatically"
    ],
    "content-hash": "0ddc1589b4df3499bcf74d0ef4ee54de",
    "packages": [],
    "packages-dev": [
        {
            "name": "erusev/parsedown",
            "version": "1.6.4",
            "source": {
                "type": "git",
                "url": "https://github.com/erusev/parsedown.git",
                "reference": "fbe3fe878f4fe69048bb8a52783a09802004f548"
            },
            "dist": {
                "type": "zip",
                "url": "https://api.github.com/repos/erusev/parsedown/zipball/fbe3fe878f4fe69048bb8a52783a09802004f548",
                "reference": "fbe3fe878f4fe69048bb8a52783a09802004f548",
                "shasum": ""
            },
            "require": {
                "php": ">=5.3.0"
            },
            "require-dev": {
                "phpunit/phpunit": "^4.8.35"
            },
            "type": "library",
            "autoload": {
                "psr-0": {
                    "Parsedown": ""
                }
            },
            "notification-url": "https://packagist.org/downloads/",
            "license": [
                "MIT"
            ],
            "authors": [
                {
                    "name": "Emanuil Rusev",
                    "email": "hello@erusev.com",
                    "homepage": "http://erusev.com"
                }
            ],
            "description": "Parser for Markdown.",
            "homepage": "http://parsedown.org",
            "keywords": [
                "markdown",
                "parser"
            ],
            "time": "2017-11-14T20:44:03+00:00"
        },
        {
            "name": "maslosoft/addendum",
            "version": "5.0.14",
            "source": {
                "type": "git",
                "url": "https://github.com/Maslosoft/Addendum.git",
                "reference": "34866e38c263df82ebad736c577c25621c060f1b"
            },
            "dist": {
                "type": "zip",
                "url": "https://api.github.com/repos/Maslosoft/Addendum/zipball/34866e38c263df82ebad736c577c25621c060f1b",
                "reference": "34866e38c263df82ebad736c577c25621c060f1b",
                "shasum": ""
            },
            "require": {
                "maslosoft/cache": "*",
                "maslosoft/cli-shared": "*",
                "maslosoft/embedi": "*",
                "maslosoft/gazebo": "*",
                "maslosoft/signals": "*",
                "php": ">=5.5.0",
                "psr/log": "~1"
            },
            "require-dev": {
                "maslosoft/addendumtest": "dev-master",
                "maslosoft/hedron": "*"
            },
            "suggest": {
                "monolog/monolog": "Sends your logs to files, sockets, inboxes, databases and various web services"
            },
            "type": "library",
            "autoload": {
                "psr-4": {
                    "Maslosoft\\Addendum\\": "src"
                }
            },
            "notification-url": "https://packagist.org/downloads/",
            "license": [
                "AGPL",
                "Commercial"
            ],
            "authors": [
                {
                    "name": "Peter Maselkowski",
                    "email": "pmaselkowski@gmail.com",
                    "homepage": "http://maslosoft.com",
                    "role": "Developer"
                }
            ],
            "description": "Easy to use php annotations",
            "homepage": "https://maslosoft.com/addendum/",
            "keywords": [
                "addendum",
                "annotation",
                "annotations",
                "metadata"
            ],
            "time": "2017-12-06T10:54:25+00:00"
        },
        {
            "name": "maslosoft/cache",
            "version": "1.0.11",
            "source": {
                "type": "git",
                "url": "https://github.com/Maslosoft/Cache.git",
                "reference": "2a6d57710a99a1ffa2e252314a10e3237bb609a2"
            },
            "dist": {
                "type": "zip",
                "url": "https://api.github.com/repos/Maslosoft/Cache/zipball/2a6d57710a99a1ffa2e252314a10e3237bb609a2",
                "reference": "2a6d57710a99a1ffa2e252314a10e3237bb609a2",
                "shasum": ""
            },
            "require": {
                "maslosoft/embedi": "*"
            },
            "require-dev": {
                "maslosoft/cachetest": "dev-master",
                "maslosoft/hedron": "^1"
            },
            "type": "library",
            "autoload": {
                "psr-4": {
                    "Maslosoft\\Cache\\": "src"
                }
            },
            "notification-url": "https://packagist.org/downloads/",
            "license": [
                "AGPL",
                "Commercial"
            ],
            "authors": [
                {
                    "name": "Peter Maselkowski",
                    "email": "pmaselkowski@gmail.com"
                }
            ],
            "description": "Easy to use, auto configurable, extensible cache provider",
            "homepage": "https://maslosoft.com/cache/",
            "time": "2017-11-19T22:25:52+00:00"
        },
        {
            "name": "maslosoft/cli-shared",
            "version": "0.0.19",
            "source": {
                "type": "git",
                "url": "https://github.com/Maslosoft/CLIShared.git",
                "reference": "bfb8cbda2c8b2a80cb860326a6ef1957f4d00d02"
            },
            "dist": {
                "type": "zip",
                "url": "https://api.github.com/repos/Maslosoft/CLIShared/zipball/bfb8cbda2c8b2a80cb860326a6ef1957f4d00d02",
                "reference": "bfb8cbda2c8b2a80cb860326a6ef1957f4d00d02",
                "shasum": ""
            },
            "require": {
                "psr/log": "^1",
                "symfony/finder": "^3",
                "symfony/yaml": "^3"
            },
            "require-dev": {
                "maslosoft/hedron": "*"
            },
            "type": "library",
            "autoload": {
                "psr-4": {
                    "Maslosoft\\Cli\\Shared\\": "src"
                }
            },
            "notification-url": "https://packagist.org/downloads/",
            "license": [
                "AGPL",
                "Commercial"
            ],
            "authors": [
                {
                    "name": "Peter Maselkowski",
                    "email": "pmaselkowski@gmail.com"
                }
            ],
            "description": "Shared CLI application components",
            "time": "2017-12-04T21:01:52+00:00"
        },
        {
            "name": "maslosoft/embedi",
            "version": "1.1.1",
            "source": {
                "type": "git",
                "url": "https://github.com/Maslosoft/EmbeDi.git",
                "reference": "093bf25421887f4e33280cea2a14cc8fc9dc85fb"
            },
            "dist": {
                "type": "zip",
                "url": "https://api.github.com/repos/Maslosoft/EmbeDi/zipball/093bf25421887f4e33280cea2a14cc8fc9dc85fb",
                "reference": "093bf25421887f4e33280cea2a14cc8fc9dc85fb",
                "shasum": ""
            },
            "require-dev": {
                "maslosoft/embeditest": "dev-master",
                "maslosoft/hedron": "~1",
                "maslosoft/zamm": "dev-master"
            },
            "type": "library",
            "autoload": {
                "psr-4": {
                    "Maslosoft\\EmbeDi\\": "src/"
                }
            },
            "notification-url": "https://packagist.org/downloads/",
            "license": [
                "AGPL",
                "Commercial"
            ],
            "authors": [
                {
                    "name": "Peter Maselkowski",
                    "email": "pmaselkowski@gmail.com",
                    "homepage": "http://maslosoft.com",
                    "role": "Developer"
                }
            ],
            "description": "Embedded DI container",
            "homepage": "https://maslosoft.com/embedi/",
            "time": "2017-05-11T11:25:33+00:00"
        },
        {
            "name": "maslosoft/gazebo",
            "version": "1.1.10",
            "source": {
                "type": "git",
                "url": "https://github.com/Maslosoft/Gazebo.git",
                "reference": "52fac115f308d5f6598b0a51514c86d5e2cb249c"
            },
            "dist": {
                "type": "zip",
                "url": "https://api.github.com/repos/Maslosoft/Gazebo/zipball/52fac115f308d5f6598b0a51514c86d5e2cb249c",
                "reference": "52fac115f308d5f6598b0a51514c86d5e2cb249c",
                "shasum": ""
            },
            "require": {
                "maslosoft/addendum": "*",
                "maslosoft/embedi": "*"
            },
            "require-dev": {
                "maslosoft/gazebotest": "dev-master",
                "maslosoft/hedron": "*"
            },
            "type": "library",
            "autoload": {
                "psr-4": {
                    "Maslosoft\\Gazebo\\": "src"
                }
            },
            "notification-url": "https://packagist.org/downloads/",
            "license": [
                "AGPL",
                "Commercial"
            ],
            "authors": [
                {
                    "name": "Peter Maselkowski",
                    "email": "pmaselkowski@gmail.com"
                }
            ],
            "description": "Plugin container",
            "homepage": "https://maslosoft.com/gazebo/",
            "time": "2017-04-06T21:08:56+00:00"
        },
        {
            "name": "maslosoft/miniview",
            "version": "1.1.1",
            "source": {
                "type": "git",
                "url": "https://github.com/Maslosoft/MiniView.git",
                "reference": "78c1be3a8676698cbc23d23bce0d05c18ccb2d55"
            },
            "dist": {
                "type": "zip",
                "url": "https://api.github.com/repos/Maslosoft/MiniView/zipball/78c1be3a8676698cbc23d23bce0d05c18ccb2d55",
                "reference": "78c1be3a8676698cbc23d23bce0d05c18ccb2d55",
                "shasum": ""
            },
            "require-dev": {
                "codeception/codeception": "*",
                "maslosoft/hedron": "~1"
            },
            "suggest": {
                "latte/latte": "Use tatte templates",
                "twig/twig": "Use twig templates"
            },
            "type": "library",
            "autoload": {
                "psr-4": {
                    "Maslosoft\\MiniView\\": "src/"
                }
            },
            "notification-url": "https://packagist.org/downloads/",
            "license": [
                "AGPL",
                "Commercial"
            ],
            "authors": [
                {
                    "name": "Peter Maselkowski",
                    "email": "pmaselkowski@gmail.com"
                }
            ],
            "description": "Mini view is minimal template rendering library based on Yii controller renderer",
            "homepage": "https://maslosoft.com/miniview/",
            "time": "2017-02-16T07:45:53+00:00"
        },
        {
            "name": "maslosoft/signals",
            "version": "2.0.15",
            "source": {
                "type": "git",
                "url": "https://github.com/Maslosoft/Signals.git",
                "reference": "c44cf3459fe2726a251abcd7fa66412ebd8181e5"
            },
            "dist": {
                "type": "zip",
                "url": "https://api.github.com/repos/Maslosoft/Signals/zipball/c44cf3459fe2726a251abcd7fa66412ebd8181e5",
                "reference": "c44cf3459fe2726a251abcd7fa66412ebd8181e5",
                "shasum": ""
            },
            "require": {
                "maslosoft/addendum": "*",
                "maslosoft/cli-shared": "*",
                "maslosoft/embedi": "*",
                "psr/log": "~1",
                "symfony/console": "^3"
            },
            "require-dev": {
                "codeception/codeception": "*",
                "maslosoft/hedron": "*",
                "maslosoft/signalstest": "dev-master",
                "maslosoft/zamm": "*"
            },
            "bin": [
                "signals"
            ],
            "type": "library",
            "autoload": {
                "psr-4": {
                    "Maslosoft\\Signals\\": "src",
                    "Maslosoft\\SignalsExamples\\": "examples"
                }
            },
            "notification-url": "https://packagist.org/downloads/",
            "license": [
                "AGPL",
                "Commercial"
            ],
            "authors": [
                {
                    "name": "Peter Maselkowski",
                    "email": "pmaselkowski@gmail.com",
                    "homepage": "http://maslosoft.com",
                    "role": "Developer"
                }
            ],
            "description": "Wireless Cross-Component Communication",
            "homepage": "https://maslosoft.com/signals/",
            "keywords": [
                "event",
                "events",
                "signal",
                "signals",
                "slot",
                "slots"
            ],
            "time": "2017-12-06T13:11:17+00:00"
        },
        {
            "name": "maslosoft/staple",
            "version": "1.0.35",
            "source": {
                "type": "git",
                "url": "https://github.com/Maslosoft/Staple.git",
                "reference": "52503466cb8a2e6d929e7be60557847e002f527a"
            },
            "dist": {
                "type": "zip",
                "url": "https://api.github.com/repos/Maslosoft/Staple/zipball/52503466cb8a2e6d929e7be60557847e002f527a",
                "reference": "52503466cb8a2e6d929e7be60557847e002f527a",
                "shasum": ""
            },
            "require": {
                "erusev/parsedown": "^1",
                "maslosoft/addendum": "*",
                "maslosoft/embedi": "*",
                "maslosoft/miniview": "*",
                "masterexploder/phpthumb": "~2",
                "symfony/finder": "~3",
                "symfony/yaml": "~3"
            },
            "require-dev": {
                "maslosoft/hedron": "*"
            },
            "bin": [
                "staple"
            ],
            "type": "library",
            "autoload": {
                "psr-4": {
                    "Maslosoft\\Staple\\": "src"
                }
            },
            "notification-url": "https://packagist.org/downloads/",
            "license": [
                "AGPL",
                "Commercial"
            ],
            "authors": [
                {
                    "name": "Peter Maselkowski",
                    "email": "pmaselkowski@gmail.com"
                }
            ],
            "description": "Static Page Lightweight Enchancer",
            "homepage": "http://maslosoft.com/staple/",
            "time": "2017-09-18T08:59:45+00:00"
        },
        {
            "name": "maslosoft/zamm",
            "version": "1.0.19",
            "source": {
                "type": "git",
                "url": "https://github.com/Maslosoft/Zamm.git",
                "reference": "10d62895d2b1d1c13305f82ce8d31223add25b71"
            },
            "dist": {
                "type": "zip",
                "url": "https://api.github.com/repos/Maslosoft/Zamm/zipball/10d62895d2b1d1c13305f82ce8d31223add25b71",
                "reference": "10d62895d2b1d1c13305f82ce8d31223add25b71",
                "shasum": ""
            },
            "require": {
                "erusev/parsedown": "^1.6",
                "maslosoft/addendum": "*",
                "maslosoft/embedi": "*",
                "maslosoft/miniview": "*",
                "maslosoft/staple": "*",
                "symfony/console": "~3",
                "symfony/finder": "~3"
            },
            "require-dev": {
                "maslosoft/hedron": "*"
            },
            "bin": [
                "zamm"
            ],
            "type": "library",
            "autoload": {
                "psr-4": {
                    "Maslosoft\\Zamm\\": "src"
                }
            },
            "notification-url": "https://packagist.org/downloads/",
            "license": [
                "AGPL",
                "Commercial"
            ],
            "authors": [
                {
                    "name": "Peter Maselkowski",
                    "email": "pmaselkowski@gmail.com"
                }
            ],
            "description": "Zamm is a documentation tool",
            "homepage": "https://maslosoft.com/zamm/",
            "time": "2017-10-11T13:28:36+00:00"
        },
        {
            "name": "masterexploder/phpthumb",
            "version": "2.1",
            "source": {
                "type": "git",
                "url": "https://github.com/masterexploder/PHPThumb.git",
                "reference": "01f6aa65aa3d136e175f67da2b4ea3e316770d02"
            },
            "dist": {
                "type": "zip",
                "url": "https://api.github.com/repos/masterexploder/PHPThumb/zipball/01f6aa65aa3d136e175f67da2b4ea3e316770d02",
                "reference": "01f6aa65aa3d136e175f67da2b4ea3e316770d02",
                "shasum": ""
            },
            "require": {
                "php": ">=5.3.0"
            },
            "type": "library",
            "autoload": {
                "psr-0": {
                    "PHPThumb": "src",
                    "PHPThumb\\Tests": "tests"
                }
            },
            "notification-url": "https://packagist.org/downloads/",
            "license": [
                "MIT"
            ],
            "authors": [
                {
                    "name": "Jarrod Nettles",
                    "email": "jarrod.nettles@icloud.com"
                },
                {
                    "name": "Ian Selby",
                    "email": "ian@gxdlabs.com"
                }
            ],
            "description": "A library for manipulating images in PHP.",
            "homepage": "https://github.com/masterexploder/PHPThumb",
            "keywords": [
                "image",
                "resize",
                "rotate"
            ],
            "time": "2015-09-08T22:55:44+00:00"
        },
        {
            "name": "psr/log",
            "version": "1.0.2",
            "source": {
                "type": "git",
                "url": "https://github.com/php-fig/log.git",
                "reference": "4ebe3a8bf773a19edfe0a84b6585ba3d401b724d"
            },
            "dist": {
                "type": "zip",
                "url": "https://api.github.com/repos/php-fig/log/zipball/4ebe3a8bf773a19edfe0a84b6585ba3d401b724d",
                "reference": "4ebe3a8bf773a19edfe0a84b6585ba3d401b724d",
                "shasum": ""
            },
            "require": {
                "php": ">=5.3.0"
            },
            "type": "library",
            "extra": {
                "branch-alias": {
                    "dev-master": "1.0.x-dev"
                }
            },
            "autoload": {
                "psr-4": {
                    "Psr\\Log\\": "Psr/Log/"
                }
            },
            "notification-url": "https://packagist.org/downloads/",
            "license": [
                "MIT"
            ],
            "authors": [
                {
                    "name": "PHP-FIG",
                    "homepage": "http://www.php-fig.org/"
                }
            ],
            "description": "Common interface for logging libraries",
            "homepage": "https://github.com/php-fig/log",
            "keywords": [
                "log",
                "psr",
                "psr-3"
            ],
            "time": "2016-10-10T12:19:37+00:00"
        },
        {
            "name": "symfony/console",
            "version": "v3.4.1",
            "source": {
                "type": "git",
                "url": "https://github.com/symfony/console.git",
                "reference": "2cdef78de8f54f68ff16a857e710e7302b47d4c7"
            },
            "dist": {
                "type": "zip",
                "url": "https://api.github.com/repos/symfony/console/zipball/2cdef78de8f54f68ff16a857e710e7302b47d4c7",
                "reference": "2cdef78de8f54f68ff16a857e710e7302b47d4c7",
                "shasum": ""
            },
            "require": {
                "php": "^5.5.9|>=7.0.8",
                "symfony/debug": "~2.8|~3.0|~4.0",
                "symfony/polyfill-mbstring": "~1.0"
            },
            "conflict": {
                "symfony/dependency-injection": "<3.4",
                "symfony/process": "<3.3"
            },
            "require-dev": {
                "psr/log": "~1.0",
                "symfony/config": "~3.3|~4.0",
                "symfony/dependency-injection": "~3.4|~4.0",
                "symfony/event-dispatcher": "~2.8|~3.0|~4.0",
                "symfony/lock": "~3.4|~4.0",
                "symfony/process": "~3.3|~4.0"
            },
            "suggest": {
                "psr/log": "For using the console logger",
                "symfony/event-dispatcher": "",
                "symfony/lock": "",
                "symfony/process": ""
            },
            "type": "library",
            "extra": {
                "branch-alias": {
                    "dev-master": "3.4-dev"
                }
            },
            "autoload": {
                "psr-4": {
                    "Symfony\\Component\\Console\\": ""
                },
                "exclude-from-classmap": [
                    "/Tests/"
                ]
            },
            "notification-url": "https://packagist.org/downloads/",
            "license": [
                "MIT"
            ],
            "authors": [
                {
                    "name": "Fabien Potencier",
                    "email": "fabien@symfony.com"
                },
                {
                    "name": "Symfony Community",
                    "homepage": "https://symfony.com/contributors"
                }
            ],
            "description": "Symfony Console Component",
            "homepage": "https://symfony.com",
            "time": "2017-12-02T18:20:11+00:00"
        },
        {
            "name": "symfony/debug",
            "version": "v4.0.1",
            "source": {
                "type": "git",
                "url": "https://github.com/symfony/debug.git",
                "reference": "26a15dab86c3820473716be4f846eac774ad4ad9"
            },
            "dist": {
                "type": "zip",
                "url": "https://api.github.com/repos/symfony/debug/zipball/26a15dab86c3820473716be4f846eac774ad4ad9",
                "reference": "26a15dab86c3820473716be4f846eac774ad4ad9",
                "shasum": ""
            },
            "require": {
                "php": "^7.1.3",
                "psr/log": "~1.0"
            },
            "conflict": {
                "symfony/http-kernel": "<3.4"
            },
            "require-dev": {
                "symfony/http-kernel": "~3.4|~4.0"
            },
            "type": "library",
            "extra": {
                "branch-alias": {
                    "dev-master": "4.0-dev"
                }
            },
            "autoload": {
                "psr-4": {
                    "Symfony\\Component\\Debug\\": ""
                },
                "exclude-from-classmap": [
                    "/Tests/"
                ]
            },
            "notification-url": "https://packagist.org/downloads/",
            "license": [
                "MIT"
            ],
            "authors": [
                {
                    "name": "Fabien Potencier",
                    "email": "fabien@symfony.com"
                },
                {
                    "name": "Symfony Community",
                    "homepage": "https://symfony.com/contributors"
                }
            ],
            "description": "Symfony Debug Component",
            "homepage": "https://symfony.com",
            "time": "2017-11-21T09:27:49+00:00"
        },
        {
            "name": "symfony/finder",
            "version": "v3.4.1",
            "source": {
                "type": "git",
                "url": "https://github.com/symfony/finder.git",
                "reference": "dac8d7db537bac7ad8143eb11360a8c2231f251a"
            },
            "dist": {
                "type": "zip",
                "url": "https://api.github.com/repos/symfony/finder/zipball/dac8d7db537bac7ad8143eb11360a8c2231f251a",
                "reference": "dac8d7db537bac7ad8143eb11360a8c2231f251a",
                "shasum": ""
            },
            "require": {
                "php": "^5.5.9|>=7.0.8"
            },
            "type": "library",
            "extra": {
                "branch-alias": {
                    "dev-master": "3.4-dev"
                }
            },
            "autoload": {
                "psr-4": {
                    "Symfony\\Component\\Finder\\": ""
                },
                "exclude-from-classmap": [
                    "/Tests/"
                ]
            },
            "notification-url": "https://packagist.org/downloads/",
            "license": [
                "MIT"
            ],
            "authors": [
                {
                    "name": "Fabien Potencier",
                    "email": "fabien@symfony.com"
                },
                {
                    "name": "Symfony Community",
                    "homepage": "https://symfony.com/contributors"
                }
            ],
            "description": "Symfony Finder Component",
            "homepage": "https://symfony.com",
            "time": "2017-11-05T16:10:10+00:00"
        },
        {
            "name": "symfony/polyfill-mbstring",
            "version": "v1.6.0",
            "source": {
                "type": "git",
                "url": "https://github.com/symfony/polyfill-mbstring.git",
                "reference": "2ec8b39c38cb16674bbf3fea2b6ce5bf117e1296"
            },
            "dist": {
                "type": "zip",
                "url": "https://api.github.com/repos/symfony/polyfill-mbstring/zipball/2ec8b39c38cb16674bbf3fea2b6ce5bf117e1296",
                "reference": "2ec8b39c38cb16674bbf3fea2b6ce5bf117e1296",
                "shasum": ""
            },
            "require": {
                "php": ">=5.3.3"
            },
            "suggest": {
                "ext-mbstring": "For best performance"
            },
            "type": "library",
            "extra": {
                "branch-alias": {
                    "dev-master": "1.6-dev"
                }
            },
            "autoload": {
                "psr-4": {
                    "Symfony\\Polyfill\\Mbstring\\": ""
                },
                "files": [
                    "bootstrap.php"
                ]
            },
            "notification-url": "https://packagist.org/downloads/",
            "license": [
                "MIT"
            ],
            "authors": [
                {
                    "name": "Nicolas Grekas",
                    "email": "p@tchwork.com"
                },
                {
                    "name": "Symfony Community",
                    "homepage": "https://symfony.com/contributors"
                }
            ],
            "description": "Symfony polyfill for the Mbstring extension",
            "homepage": "https://symfony.com",
            "keywords": [
                "compatibility",
                "mbstring",
                "polyfill",
                "portable",
                "shim"
            ],
            "time": "2017-10-11T12:05:26+00:00"
        },
        {
            "name": "symfony/yaml",
            "version": "v3.4.1",
            "source": {
                "type": "git",
                "url": "https://github.com/symfony/yaml.git",
                "reference": "f6a99b95b338799645fe9f7880d7d4ca1bf79cc1"
            },
            "dist": {
                "type": "zip",
                "url": "https://api.github.com/repos/symfony/yaml/zipball/f6a99b95b338799645fe9f7880d7d4ca1bf79cc1",
                "reference": "f6a99b95b338799645fe9f7880d7d4ca1bf79cc1",
                "shasum": ""
            },
            "require": {
                "php": "^5.5.9|>=7.0.8"
            },
            "conflict": {
                "symfony/console": "<3.4"
            },
            "require-dev": {
                "symfony/console": "~3.4|~4.0"
            },
            "suggest": {
                "symfony/console": "For validating YAML files using the lint command"
            },
            "type": "library",
            "extra": {
                "branch-alias": {
                    "dev-master": "3.4-dev"
                }
            },
            "autoload": {
                "psr-4": {
                    "Symfony\\Component\\Yaml\\": ""
                },
                "exclude-from-classmap": [
                    "/Tests/"
                ]
            },
            "notification-url": "https://packagist.org/downloads/",
            "license": [
                "MIT"
            ],
            "authors": [
                {
                    "name": "Fabien Potencier",
                    "email": "fabien@symfony.com"
                },
                {
                    "name": "Symfony Community",
                    "homepage": "https://symfony.com/contributors"
                }
            ],
            "description": "Symfony Yaml Component",
            "homepage": "https://symfony.com",
            "time": "2017-12-04T18:15:22+00:00"
        }
    ],
    "aliases": [],
    "minimum-stability": "stable",
    "stability-flags": [],
    "prefer-stable": false,
    "prefer-lowest": false,
    "platform": [],
    "platform-dev": []
}
